
Microsoft Visual Studio Solution File, Format Version 12.00
# Visual Studio Version 16
VisualStudioVersion = 16.0.31515.178
MinimumVisualStudioVersion = 10.0.40219.1
Project("{FAE04EC0-301F-11D3-BF4B-00C04F79EFBC}") = "HW3", "HW3\HW3.csproj", "{2AA7C73B-EA71-4E71-B75D-C628166C9713}"
EndProject
Project("{FAE04EC0-301F-11D3-BF4B-00C04F79EFBC}") = "HW3.Test", "HW3.Test\HW3.Test.csproj", "{CF47428C-E9E9-4217-BFCE-1BD9CD4DCEB6}"
EndProject
Global
	GlobalSection(SolutionConfigurationPlatforms) = preSolution
		Debug|Any CPU = Debug|Any CPU
		Release|Any CPU = Release|Any CPU
	EndGlobalSection
	GlobalSection(ProjectConfigurationPlatforms) = postSolution
		{2AA7C73B-EA71-4E71-B75D-C628166C9713}.Debug|Any CPU.ActiveCfg = Debug|Any CPU
		{2AA7C73B-EA71-4E71-B75D-C628166C9713}.Debug|Any CPU.Build.0 = Debug|Any CPU
		{2AA7C73B-EA71-4E71-B75D-C628166C9713}.Release|Any CPU.ActiveCfg = Release|Any CPU
		{2AA7C73B-EA71-4E71-B75D-C628166C9713}.Release|Any CPU.Build.0 = Release|Any CPU
		{CF47428C-E9E9-4217-BFCE-1BD9CD4DCEB6}.Debug|Any CPU.ActiveCfg = Debug|Any CPU
		{CF47428C-E9E9-4217-BFCE-1BD9CD4DCEB6}.Debug|Any CPU.Build.0 = Debug|Any CPU
		{CF47428C-E9E9-4217-BFCE-1BD9CD4DCEB6}.Release|Any CPU.ActiveCfg = Release|Any CPU
		{CF47428C-E9E9-4217-BFCE-1BD9CD4DCEB6}.Release|Any CPU.Build.0 = Release|Any CPU
	EndGlobalSection
	GlobalSection(SolutionProperties) = preSolution
		HideSolutionNode = FALSE
	EndGlobalSection
	GlobalSection(ExtensibilityGlobals) = postSolution
		SolutionGuid = {ECD4D907-07C5-4EC3-991C-25FA421705A4}
	EndGlobalSection
EndGlobal
