
Microsoft Visual Studio Solution File, Format Version 12.00
# Visual Studio Version 16
VisualStudioVersion = 16.0.31424.327
MinimumVisualStudioVersion = 10.0.40219.1
Project("{FAE04EC0-301F-11D3-BF4B-00C04F79EFBC}") = "HomeWork03", "HomeWork03\HomeWork03.csproj", "{026F57BE-B6DB-4D81-AAD3-94367E808E24}"
EndProject
Project("{FAE04EC0-301F-11D3-BF4B-00C04F79EFBC}") = "HomeWork03.Test", "HomeWork03.Test\HomeWork03.Test.csproj", "{DB0BB9E0-BB21-40F3-A561-296802C7DA50}"
EndProject
Global
	GlobalSection(SolutionConfigurationPlatforms) = preSolution
		Debug|Any CPU = Debug|Any CPU
		Release|Any CPU = Release|Any CPU
	EndGlobalSection
	GlobalSection(ProjectConfigurationPlatforms) = postSolution
		{026F57BE-B6DB-4D81-AAD3-94367E808E24}.Debug|Any CPU.ActiveCfg = Debug|Any CPU
		{026F57BE-B6DB-4D81-AAD3-94367E808E24}.Debug|Any CPU.Build.0 = Debug|Any CPU
		{026F57BE-B6DB-4D81-AAD3-94367E808E24}.Release|Any CPU.ActiveCfg = Release|Any CPU
		{026F57BE-B6DB-4D81-AAD3-94367E808E24}.Release|Any CPU.Build.0 = Release|Any CPU
		{DB0BB9E0-BB21-40F3-A561-296802C7DA50}.Debug|Any CPU.ActiveCfg = Debug|Any CPU
		{DB0BB9E0-BB21-40F3-A561-296802C7DA50}.Debug|Any CPU.Build.0 = Debug|Any CPU
		{DB0BB9E0-BB21-40F3-A561-296802C7DA50}.Release|Any CPU.ActiveCfg = Release|Any CPU
		{DB0BB9E0-BB21-40F3-A561-296802C7DA50}.Release|Any CPU.Build.0 = Release|Any CPU
	EndGlobalSection
	GlobalSection(SolutionProperties) = preSolution
		HideSolutionNode = FALSE
	EndGlobalSection
	GlobalSection(ExtensibilityGlobals) = postSolution
		SolutionGuid = {59984FA5-4655-4BBC-9790-BE0BDAC316D6}
	EndGlobalSection
EndGlobal
